
Microsoft Visual Studio Solution File, Format Version 12.00
# Visual Studio Version 16
VisualStudioVersion = 16.0.31321.278
MinimumVisualStudioVersion = 10.0.40219.1
Project("{9A19103F-16F7-4668-BE54-9A1E7A4F7556}") = "KeywordDriven", "KeywordDriven\KeywordDriven.csproj", "{6E393F9F-568F-4C9C-8AAC-942790244D5D}"
EndProject
Project("{9A19103F-16F7-4668-BE54-9A1E7A4F7556}") = "KeywordDriven.TestExplorer", "KeywordDriven.TestExplorer\KeywordDriven.TestExplorer.csproj", "{34FDBBFA-C2B1-4E99-A622-B9D6EEB8C4C1}"
EndProject
Project("{9A19103F-16F7-4668-BE54-9A1E7A4F7556}") = "KeywordDriven.Desktop", "KeywordDriven.Desktop\KeywordDriven.Desktop.csproj", "{C3BE2F69-D983-438A-848F-C55D5718947A}"
EndProject
Project("{54435603-DBB4-11D2-8724-00A0C9A8B90C}") = "KeywordDriven.Desktop.SetupOne", "KeywordDriven.Desktop.SetupOne\KeywordDriven.Desktop.SetupOne.vdproj", "{EF538168-9609-4402-9C1D-1999A8F3E8B1}"
EndProject
Global
	GlobalSection(SolutionConfigurationPlatforms) = preSolution
		Debug|Any CPU = Debug|Any CPU
		Release|Any CPU = Release|Any CPU
	EndGlobalSection
	GlobalSection(ProjectConfigurationPlatforms) = postSolution
		{6E393F9F-568F-4C9C-8AAC-942790244D5D}.Debug|Any CPU.ActiveCfg = Debug|Any CPU
		{6E393F9F-568F-4C9C-8AAC-942790244D5D}.Debug|Any CPU.Build.0 = Debug|Any CPU
		{6E393F9F-568F-4C9C-8AAC-942790244D5D}.Release|Any CPU.ActiveCfg = Release|Any CPU
		{6E393F9F-568F-4C9C-8AAC-942790244D5D}.Release|Any CPU.Build.0 = Release|Any CPU
		{34FDBBFA-C2B1-4E99-A622-B9D6EEB8C4C1}.Debug|Any CPU.ActiveCfg = Debug|Any CPU
		{34FDBBFA-C2B1-4E99-A622-B9D6EEB8C4C1}.Debug|Any CPU.Build.0 = Debug|Any CPU
		{34FDBBFA-C2B1-4E99-A622-B9D6EEB8C4C1}.Release|Any CPU.ActiveCfg = Release|Any CPU
		{34FDBBFA-C2B1-4E99-A622-B9D6EEB8C4C1}.Release|Any CPU.Build.0 = Release|Any CPU
		{C3BE2F69-D983-438A-848F-C55D5718947A}.Debug|Any CPU.ActiveCfg = Debug|Any CPU
		{C3BE2F69-D983-438A-848F-C55D5718947A}.Debug|Any CPU.Build.0 = Debug|Any CPU
		{C3BE2F69-D983-438A-848F-C55D5718947A}.Release|Any CPU.ActiveCfg = Release|Any CPU
		{C3BE2F69-D983-438A-848F-C55D5718947A}.Release|Any CPU.Build.0 = Release|Any CPU
		{EF538168-9609-4402-9C1D-1999A8F3E8B1}.Debug|Any CPU.ActiveCfg = Debug
		{EF538168-9609-4402-9C1D-1999A8F3E8B1}.Release|Any CPU.ActiveCfg = Release
	EndGlobalSection
	GlobalSection(SolutionProperties) = preSolution
		HideSolutionNode = FALSE
	EndGlobalSection
	GlobalSection(ExtensibilityGlobals) = postSolution
		SolutionGuid = {F847AA42-B1C6-4A89-B694-EBD2D9E1D1C2}
	EndGlobalSection
EndGlobal
